{
    "_readme": [
        "This file locks the dependencies of your project to a known state",
        "Read more about it at https://getcomposer.org/doc/01-basic-usage.md#composer-lock-the-lock-file",
        "This file is @generated automatically"
    ],
    "hash": "c23c7f5a187dd6eb8b2c23ff00ed4012",
    "content-hash": "f1bc8b017b340ae0d135b61f1a2e292a",
    "packages": [
        {
            "name": "guzzlehttp/guzzle",
            "version": "v3.8.1",
            "source": {
                "type": "git",
                "url": "https://github.com/guzzle/guzzle.git",
                "reference": "4de0618a01b34aa1c8c33a3f13f396dcd3882eba"
            },
            "dist": {
                "type": "zip",
                "url": "https://api.github.com/repos/guzzle/guzzle/zipball/4de0618a01b34aa1c8c33a3f13f396dcd3882eba",
                "reference": "4de0618a01b34aa1c8c33a3f13f396dcd3882eba",
                "shasum": ""
            },
            "require": {
                "ext-curl": "*",
                "php": ">=5.3.3",
                "symfony/event-dispatcher": ">=2.1"
            },
            "replace": {
                "guzzle/batch": "self.version",
                "guzzle/cache": "self.version",
                "guzzle/common": "self.version",
                "guzzle/http": "self.version",
                "guzzle/inflection": "self.version",
                "guzzle/iterator": "self.version",
                "guzzle/log": "self.version",
                "guzzle/parser": "self.version",
                "guzzle/plugin": "self.version",
                "guzzle/plugin-async": "self.version",
                "guzzle/plugin-backoff": "self.version",
                "guzzle/plugin-cache": "self.version",
                "guzzle/plugin-cookie": "self.version",
                "guzzle/plugin-curlauth": "self.version",
                "guzzle/plugin-error-response": "self.version",
                "guzzle/plugin-history": "self.version",
                "guzzle/plugin-log": "self.version",
                "guzzle/plugin-md5": "self.version",
                "guzzle/plugin-mock": "self.version",
                "guzzle/plugin-oauth": "self.version",
                "guzzle/service": "self.version",
                "guzzle/stream": "self.version"
            },
            "require-dev": {
                "doctrine/cache": "*",
                "monolog/monolog": "1.*",
                "phpunit/phpunit": "3.7.*",
                "psr/log": "1.0.*",
                "symfony/class-loader": "*",
                "zendframework/zend-cache": "<2.3",
                "zendframework/zend-log": "<2.3"
            },
            "type": "library",
            "extra": {
                "branch-alias": {
                    "dev-master": "3.8-dev"
                }
            },
            "autoload": {
                "psr-0": {
                    "Guzzle": "src/",
                    "Guzzle\\Tests": "tests/"
                }
            },
            "notification-url": "https://packagist.org/downloads/",
            "license": [
                "MIT"
            ],
            "authors": [
                {
                    "name": "Michael Dowling",
                    "email": "mtdowling@gmail.com",
                    "homepage": "https://github.com/mtdowling"
                },
                {
                    "name": "Guzzle Community",
                    "homepage": "https://github.com/guzzle/guzzle/contributors"
                }
            ],
            "description": "Guzzle is a PHP HTTP client library and framework for building RESTful web service clients",
            "homepage": "http://guzzlephp.org/",
            "keywords": [
                "client",
                "curl",
                "framework",
                "http",
                "http client",
                "rest",
                "web service"
            ],
            "time": "2014-01-28 22:29:15"
        },
        {
            "name": "ptachoire/cssembed",
            "version": "v1.0.2",
            "source": {
                "type": "git",
                "url": "https://github.com/krichprollsch/phpCssEmbed.git",
                "reference": "406c6d5b846cafa9186f9944a6210d0e6fed154b"
            },
            "dist": {
                "type": "zip",
                "url": "https://api.github.com/repos/krichprollsch/phpCssEmbed/zipball/406c6d5b846cafa9186f9944a6210d0e6fed154b",
                "reference": "406c6d5b846cafa9186f9944a6210d0e6fed154b",
                "shasum": ""
            },
            "require": {
                "php": ">=5.3.0"
            },
            "type": "library",
            "autoload": {
                "psr-0": {
                    "CssEmbed": "src/"
                }
            },
            "notification-url": "https://packagist.org/downloads/",
            "license": [
                "MIT"
            ],
            "authors": [
                {
                    "name": "Pierre Tachoire",
                    "email": "pierre.tachoire@gmail.com"
                }
            ],
            "description": "Css url embed library.",
            "homepage": "https://github.com/krichprollsch/phpCssEmbed",
            "keywords": [
                "css",
                "url"
            ],
            "time": "2013-07-22 20:01:48"
        },
        {
            "name": "raulfraile/ladybug",
            "version": "v1.0.13",
            "source": {
                "type": "git",
                "url": "https://github.com/raulfraile/ladybug.git",
                "reference": "40a15f3d1c2644d7dcc3721c7609a32401494a9f"
            },
            "dist": {
                "type": "zip",
                "url": "https://api.github.com/repos/raulfraile/ladybug/zipball/40a15f3d1c2644d7dcc3721c7609a32401494a9f",
                "reference": "40a15f3d1c2644d7dcc3721c7609a32401494a9f",
                "shasum": ""
            },
            "require": {
                "php": ">=5.3.9",
                "ptachoire/cssembed": "v1.0.2",
                "raulfraile/ladybug-plugin-extra": "~1.0.0",
                "raulfraile/ladybug-theme-modern": ">=1.0.7,<2.0",
                "symfony/config": ">=2.0",
                "symfony/console": ">=2.0",
                "symfony/dependency-injection": ">=2.0",
                "symfony/finder": ">=2.0",
                "twig/twig": ">=1.7.0"
            },
            "require-dev": {
                "jms/serializer": ">=0.11.0",
                "mockery/mockery": "0.9.1",
                "phpdocumentor/reflection-docblock": "2.0.0",
                "phpunit/phpunit": "~4.0",
                "symfony/dom-crawler": ">=2.0.4"
            },
            "suggest": {
                "jms/serializer": "Required to serialize data to XML and JSON",
                "phpdocumentor/reflection-docblock": "Required to display object methods description",
                "symfony/yaml": "Required to serialize data to YAML format"
            },
            "type": "library",
            "autoload": {
                "psr-0": {
                    "Ladybug\\Theme": [
                        "../ladybug-themes",
                        "data/themes"
                    ],
                    "Ladybug\\Plugin": [
                        "../ladybug-plugins",
                        "data/plugins"
                    ],
                    "Ladybug": "src/"
                }
            },
            "notification-url": "https://packagist.org/downloads/",
            "license": [
                "MIT"
            ],
            "authors": [
                {
                    "name": "Raul Fraile",
                    "email": "raulfraile@gmail.com",
                    "homepage": "http://www.raulfb.com/",
                    "role": "Developer"
                }
            ],
            "description": "Simple and Extensible PHP Dumper",
            "homepage": "https://github.com/raulfraile/ladybug",
            "keywords": [
                "dump",
                "dumper",
                "ladybug",
                "print_r",
                "var_dump"
            ],
            "time": "2015-12-23 08:33:11"
        },
        {
            "name": "raulfraile/ladybug-installer",
            "version": "v1.0.1",
            "source": {
                "type": "git",
                "url": "https://github.com/raulfraile/ladybug-installer.git",
                "reference": "04f38f50cac673d3ca93de9c0805889e37804b33"
            },
            "dist": {
                "type": "zip",
                "url": "https://api.github.com/repos/raulfraile/ladybug-installer/zipball/04f38f50cac673d3ca93de9c0805889e37804b33",
                "reference": "04f38f50cac673d3ca93de9c0805889e37804b33",
                "shasum": ""
            },
            "require": {
                "composer-plugin-api": "*"
            },
            "require-dev": {
                "composer/composer": "1.*",
                "mockery/mockery": "0.8.0"
            },
            "type": "composer-plugin",
            "extra": {
                "class": "\\Ladybug\\LadybugPlugin"
            },
            "autoload": {
                "psr-0": {
                    "Ladybug": [
                        "src/"
                    ]
                }
            },
            "notification-url": "https://packagist.org/downloads/",
            "license": [
                "MIT"
            ],
            "description": "Unified installer for ladybug addons",
            "keywords": [
                "installer",
                "ladybug",
                "plugins",
                "themes"
            ],
            "time": "2013-09-21 23:28:23"
        },
        {
            "name": "raulfraile/ladybug-plugin-extra",
            "version": "v1.0.1",
            "target-dir": "Ladybug/Plugin/Extra",
            "source": {
                "type": "git",
                "url": "https://github.com/raulfraile/ladybug-plugin-extra.git",
                "reference": "d240770a4c610e26657e5edc0edaace6d07187b2"
            },
            "dist": {
                "type": "zip",
                "url": "https://api.github.com/repos/raulfraile/ladybug-plugin-extra/zipball/d240770a4c610e26657e5edc0edaace6d07187b2",
                "reference": "d240770a4c610e26657e5edc0edaace6d07187b2",
                "shasum": ""
            },
            "require": {
                "raulfraile/ladybug-installer": "~1.0"
            },
            "require-dev": {
                "mockery/mockery": "0.8.0",
                "raulfraile/ladybug": "~1.0.0"
            },
            "type": "ladybug-plugin",
            "extra": {
                "ladybug_name": "Extra"
            },
            "autoload": {
                "psr-0": {
                    "Ladybug\\Plugin\\Extra\\": ""
                },
                "files": [
                    "Resources/php/helpers.php"
                ]
            },
            "notification-url": "https://packagist.org/downloads/",
            "license": [
                "MIT"
            ],
            "description": "Extra plugin for ladybug",
            "keywords": [
                "ladybug",
                "plugin"
            ],
            "time": "2013-09-29 10:19:08"
        },
        {
            "name": "raulfraile/ladybug-theme-modern",
            "version": "v1.0.7",
            "source": {
                "type": "git",
                "url": "https://github.com/raulfraile/ladybug-theme-modern.git",
                "reference": "0271ed62bc45397be9e346c9c19a0ae0d811ef8e"
            },
            "dist": {
                "type": "zip",
                "url": "https://api.github.com/repos/raulfraile/ladybug-theme-modern/zipball/0271ed62bc45397be9e346c9c19a0ae0d811ef8e",
                "reference": "0271ed62bc45397be9e346c9c19a0ae0d811ef8e",
                "shasum": ""
            },
            "require": {
                "raulfraile/ladybug-installer": "~1.0.0"
            },
            "type": "ladybug-theme",
            "extra": {
                "ladybug_name": "Modern"
            },
            "notification-url": "https://packagist.org/downloads/",
            "license": [
                "MIT"
            ],
            "description": "Theme 'modern' for ladybug",
            "keywords": [
                "dump",
                "ladybug",
                "print_r",
                "theme",
                "var_dump"
            ],
            "time": "2014-08-21 08:27:46"
        },
        {
            "name": "symfony/config",
            "version": "v3.0.1",
            "source": {
                "type": "git",
                "url": "https://github.com/symfony/config.git",
                "reference": "58680a6516a457a6c65044fe33586c4a81fdff01"
            },
            "dist": {
                "type": "zip",
                "url": "https://api.github.com/repos/symfony/config/zipball/58680a6516a457a6c65044fe33586c4a81fdff01",
                "reference": "58680a6516a457a6c65044fe33586c4a81fdff01",
                "shasum": ""
            },
            "require": {
                "php": ">=5.5.9",
                "symfony/filesystem": "~2.8|~3.0"
            },
            "type": "library",
            "extra": {
                "branch-alias": {
                    "dev-master": "3.0-dev"
                }
            },
            "autoload": {
                "psr-4": {
                    "Symfony\\Component\\Config\\": ""
                },
                "exclude-from-classmap": [
                    "/Tests/"
                ]
            },
            "notification-url": "https://packagist.org/downloads/",
            "license": [
                "MIT"
            ],
            "authors": [
                {
                    "name": "Fabien Potencier",
                    "email": "fabien@symfony.com"
                },
                {
                    "name": "Symfony Community",
                    "homepage": "https://symfony.com/contributors"
                }
            ],
            "description": "Symfony Config Component",
            "homepage": "https://symfony.com",
            "time": "2015-12-26 13:39:53"
        },
        {
            "name": "symfony/console",
            "version": "v3.0.1",
            "source": {
                "type": "git",
                "url": "https://github.com/symfony/console.git",
                "reference": "ebcdc507829df915f4ca23067bd59ee4ef61f6c3"
            },
            "dist": {
                "type": "zip",
                "url": "https://api.github.com/repos/symfony/console/zipball/ebcdc507829df915f4ca23067bd59ee4ef61f6c3",
                "reference": "ebcdc507829df915f4ca23067bd59ee4ef61f6c3",
                "shasum": ""
            },
            "require": {
                "php": ">=5.5.9",
                "symfony/polyfill-mbstring": "~1.0"
            },
            "require-dev": {
                "psr/log": "~1.0",
                "symfony/event-dispatcher": "~2.8|~3.0",
                "symfony/process": "~2.8|~3.0"
            },
            "suggest": {
                "psr/log": "For using the console logger",
                "symfony/event-dispatcher": "",
                "symfony/process": ""
            },
            "type": "library",
            "extra": {
                "branch-alias": {
                    "dev-master": "3.0-dev"
                }
            },
            "autoload": {
                "psr-4": {
                    "Symfony\\Component\\Console\\": ""
                },
                "exclude-from-classmap": [
                    "/Tests/"
                ]
            },
            "notification-url": "https://packagist.org/downloads/",
            "license": [
                "MIT"
            ],
            "authors": [
                {
                    "name": "Fabien Potencier",
                    "email": "fabien@symfony.com"
                },
                {
                    "name": "Symfony Community",
                    "homepage": "https://symfony.com/contributors"
                }
            ],
            "description": "Symfony Console Component",
            "homepage": "https://symfony.com",
            "time": "2015-12-22 10:39:06"
        },
        {
            "name": "symfony/dependency-injection",
            "version": "v3.0.1",
            "source": {
                "type": "git",
                "url": "https://github.com/symfony/dependency-injection.git",
                "reference": "1256a2e57879ae561278c306d47977d1f73387b8"
            },
            "dist": {
                "type": "zip",
                "url": "https://api.github.com/repos/symfony/dependency-injection/zipball/1256a2e57879ae561278c306d47977d1f73387b8",
                "reference": "1256a2e57879ae561278c306d47977d1f73387b8",
                "shasum": ""
            },
            "require": {
                "php": ">=5.5.9"
            },
            "require-dev": {
                "symfony/config": "~2.8|~3.0",
                "symfony/expression-language": "~2.8|~3.0",
                "symfony/yaml": "~2.8|~3.0"
            },
            "suggest": {
                "symfony/config": "",
                "symfony/proxy-manager-bridge": "Generate service proxies to lazy load them",
                "symfony/yaml": ""
            },
            "type": "library",
            "extra": {
                "branch-alias": {
                    "dev-master": "3.0-dev"
                }
            },
            "autoload": {
                "psr-4": {
                    "Symfony\\Component\\DependencyInjection\\": ""
                },
                "exclude-from-classmap": [
                    "/Tests/"
                ]
            },
            "notification-url": "https://packagist.org/downloads/",
            "license": [
                "MIT"
            ],
            "authors": [
                {
                    "name": "Fabien Potencier",
                    "email": "fabien@symfony.com"
                },
                {
                    "name": "Symfony Community",
                    "homepage": "https://symfony.com/contributors"
                }
            ],
            "description": "Symfony DependencyInjection Component",
            "homepage": "https://symfony.com",
            "time": "2015-12-26 13:39:53"
        },
        {
            "name": "symfony/event-dispatcher",
            "version": "v2.8.1",
            "source": {
                "type": "git",
                "url": "https://github.com/symfony/event-dispatcher.git",
                "reference": "a5eb815363c0388e83247e7e9853e5dbc14999cc"
            },
            "dist": {
                "type": "zip",
                "url": "https://api.github.com/repos/symfony/event-dispatcher/zipball/a5eb815363c0388e83247e7e9853e5dbc14999cc",
                "reference": "a5eb815363c0388e83247e7e9853e5dbc14999cc",
                "shasum": ""
            },
            "require": {
                "php": ">=5.3.9"
            },
            "require-dev": {
                "psr/log": "~1.0",
                "symfony/config": "~2.0,>=2.0.5|~3.0.0",
                "symfony/dependency-injection": "~2.6|~3.0.0",
                "symfony/expression-language": "~2.6|~3.0.0",
                "symfony/stopwatch": "~2.3|~3.0.0"
            },
            "suggest": {
                "symfony/dependency-injection": "",
                "symfony/http-kernel": ""
            },
            "type": "library",
            "extra": {
                "branch-alias": {
                    "dev-master": "2.8-dev"
                }
            },
            "autoload": {
                "psr-4": {
                    "Symfony\\Component\\EventDispatcher\\": ""
                },
                "exclude-from-classmap": [
                    "/Tests/"
                ]
            },
            "notification-url": "https://packagist.org/downloads/",
            "license": [
                "MIT"
            ],
            "authors": [
                {
                    "name": "Fabien Potencier",
                    "email": "fabien@symfony.com"
                },
                {
                    "name": "Symfony Community",
                    "homepage": "https://symfony.com/contributors"
                }
            ],
            "description": "Symfony EventDispatcher Component",
            "homepage": "https://symfony.com",
            "time": "2015-10-30 20:15:42"
        },
        {
            "name": "symfony/filesystem",
            "version": "v3.0.1",
            "source": {
                "type": "git",
                "url": "https://github.com/symfony/filesystem.git",
                "reference": "c2e59d11dccd135dc8f00ee97f34fe1de842e70c"
            },
            "dist": {
                "type": "zip",
                "url": "https://api.github.com/repos/symfony/filesystem/zipball/c2e59d11dccd135dc8f00ee97f34fe1de842e70c",
                "reference": "c2e59d11dccd135dc8f00ee97f34fe1de842e70c",
                "shasum": ""
            },
            "require": {
                "php": ">=5.5.9"
            },
            "type": "library",
            "extra": {
                "branch-alias": {
                    "dev-master": "3.0-dev"
                }
            },
            "autoload": {
                "psr-4": {
                    "Symfony\\Component\\Filesystem\\": ""
                },
                "exclude-from-classmap": [
                    "/Tests/"
                ]
            },
            "notification-url": "https://packagist.org/downloads/",
            "license": [
                "MIT"
            ],
            "authors": [
                {
                    "name": "Fabien Potencier",
                    "email": "fabien@symfony.com"
                },
                {
                    "name": "Symfony Community",
                    "homepage": "https://symfony.com/contributors"
                }
            ],
            "description": "Symfony Filesystem Component",
            "homepage": "https://symfony.com",
            "time": "2015-12-22 10:39:06"
        },
        {
            "name": "symfony/finder",
            "version": "v3.0.1",
            "source": {
                "type": "git",
                "url": "https://github.com/symfony/finder.git",
                "reference": "8617895eb798b6bdb338321ce19453dc113e5675"
            },
            "dist": {
                "type": "zip",
                "url": "https://api.github.com/repos/symfony/finder/zipball/8617895eb798b6bdb338321ce19453dc113e5675",
                "reference": "8617895eb798b6bdb338321ce19453dc113e5675",
                "shasum": ""
            },
            "require": {
                "php": ">=5.5.9"
            },
            "type": "library",
            "extra": {
                "branch-alias": {
                    "dev-master": "3.0-dev"
                }
            },
            "autoload": {
                "psr-4": {
                    "Symfony\\Component\\Finder\\": ""
                },
                "exclude-from-classmap": [
                    "/Tests/"
                ]
            },
            "notification-url": "https://packagist.org/downloads/",
            "license": [
                "MIT"
            ],
            "authors": [
                {
                    "name": "Fabien Potencier",
                    "email": "fabien@symfony.com"
                },
                {
                    "name": "Symfony Community",
                    "homepage": "https://symfony.com/contributors"
                }
            ],
            "description": "Symfony Finder Component",
            "homepage": "https://symfony.com",
            "time": "2015-12-05 11:13:14"
        },
        {
            "name": "symfony/polyfill-mbstring",
            "version": "v1.0.1",
            "source": {
                "type": "git",
                "url": "https://github.com/symfony/polyfill-mbstring.git",
                "reference": "49ff736bd5d41f45240cec77b44967d76e0c3d25"
            },
            "dist": {
                "type": "zip",
                "url": "https://api.github.com/repos/symfony/polyfill-mbstring/zipball/49ff736bd5d41f45240cec77b44967d76e0c3d25",
                "reference": "49ff736bd5d41f45240cec77b44967d76e0c3d25",
                "shasum": ""
            },
            "require": {
                "php": ">=5.3.3"
            },
            "suggest": {
                "ext-mbstring": "For best performance"
            },
            "type": "library",
            "extra": {
                "branch-alias": {
                    "dev-master": "1.0-dev"
                }
            },
            "autoload": {
                "psr-4": {
                    "Symfony\\Polyfill\\Mbstring\\": ""
                },
                "files": [
                    "bootstrap.php"
                ]
            },
            "notification-url": "https://packagist.org/downloads/",
            "license": [
                "MIT"
            ],
            "authors": [
                {
                    "name": "Nicolas Grekas",
                    "email": "p@tchwork.com"
                },
                {
                    "name": "Symfony Community",
                    "homepage": "https://symfony.com/contributors"
                }
            ],
            "description": "Symfony polyfill for the Mbstring extension",
            "homepage": "https://symfony.com",
            "keywords": [
                "compatibility",
                "mbstring",
                "polyfill",
                "portable",
                "shim"
            ],
            "time": "2015-11-20 09:19:13"
        },
        {
            "name": "twig/twig",
            "version": "v1.23.1",
            "source": {
                "type": "git",
                "url": "https://github.com/twigphp/Twig.git",
                "reference": "d9b6333ae8dd2c8e3fd256e127548def0bc614c6"
            },
            "dist": {
                "type": "zip",
                "url": "https://api.github.com/repos/twigphp/Twig/zipball/d9b6333ae8dd2c8e3fd256e127548def0bc614c6",
                "reference": "d9b6333ae8dd2c8e3fd256e127548def0bc614c6",
                "shasum": ""
            },
            "require": {
                "php": ">=5.2.7"
            },
            "require-dev": {
                "symfony/debug": "~2.7",
                "symfony/phpunit-bridge": "~2.7"
            },
            "type": "library",
            "extra": {
                "branch-alias": {
                    "dev-master": "1.23-dev"
                }
            },
            "autoload": {
                "psr-0": {
                    "Twig_": "lib/"
                }
            },
            "notification-url": "https://packagist.org/downloads/",
            "license": [
                "BSD-3-Clause"
            ],
            "authors": [
                {
                    "name": "Fabien Potencier",
                    "email": "fabien@symfony.com",
                    "homepage": "http://fabien.potencier.org",
                    "role": "Lead Developer"
                },
                {
                    "name": "Armin Ronacher",
                    "email": "armin.ronacher@active-4.com",
                    "role": "Project Founder"
                },
                {
                    "name": "Twig Team",
                    "homepage": "http://twig.sensiolabs.org/contributors",
                    "role": "Contributors"
                }
            ],
            "description": "Twig, the flexible, fast, and secure template language for PHP",
            "homepage": "http://twig.sensiolabs.org",
            "keywords": [
                "templating"
            ],
            "time": "2015-11-05 12:49:06"
        }
    ],
    "packages-dev": [],
    "aliases": [],
    "minimum-stability": "stable",
    "stability-flags": [],
    "prefer-stable": false,
    "prefer-lowest": false,
    "platform": {
        "php": ">=5.3.0",
        "ext-soap": "*"
    },
    "platform-dev": []
}
